
Microsoft Visual Studio Solution File, Format Version 12.00
# Visual Studio Version 17
VisualStudioVersion = 17.14.36429.23 d17.14
MinimumVisualStudioVersion = 10.0.40219.1
Project("{FAE04EC0-301F-11D3-BF4B-00C04F79EFBC}") = "MGSimpelFysik", "MGSimpelFysik\MGSimpelFysik.csproj", "{21DC5ED2-F8CD-4326-96F0-6E87D2E089FD}"
EndProject
Global
	GlobalSection(SolutionConfigurationPlatforms) = preSolution
		Debug|Any CPU = Debug|Any CPU
		Release|Any CPU = Release|Any CPU
	EndGlobalSection
	GlobalSection(ProjectConfigurationPlatforms) = postSolution
		{21DC5ED2-F8CD-4326-96F0-6E87D2E089FD}.Debug|Any CPU.ActiveCfg = Debug|Any CPU
		{21DC5ED2-F8CD-4326-96F0-6E87D2E089FD}.Debug|Any CPU.Build.0 = Debug|Any CPU
		{21DC5ED2-F8CD-4326-96F0-6E87D2E089FD}.Release|Any CPU.ActiveCfg = Release|Any CPU
		{21DC5ED2-F8CD-4326-96F0-6E87D2E089FD}.Release|Any CPU.Build.0 = Release|Any CPU
	EndGlobalSection
	GlobalSection(SolutionProperties) = preSolution
		HideSolutionNode = FALSE
	EndGlobalSection
	GlobalSection(ExtensibilityGlobals) = postSolution
		SolutionGuid = {74370FFA-6CAC-4737-A7F7-7B2CC1DC7101}
	EndGlobalSection
EndGlobal
